
Microsoft Visual Studio Solution File, Format Version 12.00
# Visual Studio Version 16
VisualStudioVersion = 16.0.31005.135
MinimumVisualStudioVersion = 10.0.40219.1
Project("{FAE04EC0-301F-11D3-BF4B-00C04F79EFBC}") = "UserMaintenance", "UserMaintenance\UserMaintenance.csproj", "{21F6D41D-5090-44FD-A8A2-FCEBE4D698EB}"
EndProject
Project("{FAE04EC0-301F-11D3-BF4B-00C04F79EFBC}") = "week04", "week04\week04.csproj", "{D97D4687-BC80-4232-B014-5C88F8AE6274}"
EndProject
Project("{FAE04EC0-301F-11D3-BF4B-00C04F79EFBC}") = "week05_VaR", "week05_VaR\week05_VaR.csproj", "{98D5424D-2386-44D1-A00A-A58BA17E5A1C}"
EndProject
Project("{FAE04EC0-301F-11D3-BF4B-00C04F79EFBC}") = "week06_SOAP", "week06_SOAP\week06_SOAP.csproj", "{DBADD96B-F844-428C-A518-8341FBE09D78}"
EndProject
Project("{FAE04EC0-301F-11D3-BF4B-00C04F79EFBC}") = "week08_factory", "week08_factory\week08_factory.csproj", "{61EC3E2B-5B08-4E04-B4B6-FCAEE2A1124D}"
EndProject
Global
	GlobalSection(SolutionConfigurationPlatforms) = preSolution
		Debug|Any CPU = Debug|Any CPU
		Release|Any CPU = Release|Any CPU
	EndGlobalSection
	GlobalSection(ProjectConfigurationPlatforms) = postSolution
		{21F6D41D-5090-44FD-A8A2-FCEBE4D698EB}.Debug|Any CPU.ActiveCfg = Debug|Any CPU
		{21F6D41D-5090-44FD-A8A2-FCEBE4D698EB}.Debug|Any CPU.Build.0 = Debug|Any CPU
		{21F6D41D-5090-44FD-A8A2-FCEBE4D698EB}.Release|Any CPU.ActiveCfg = Release|Any CPU
		{21F6D41D-5090-44FD-A8A2-FCEBE4D698EB}.Release|Any CPU.Build.0 = Release|Any CPU
		{D97D4687-BC80-4232-B014-5C88F8AE6274}.Debug|Any CPU.ActiveCfg = Debug|Any CPU
		{D97D4687-BC80-4232-B014-5C88F8AE6274}.Debug|Any CPU.Build.0 = Debug|Any CPU
		{D97D4687-BC80-4232-B014-5C88F8AE6274}.Release|Any CPU.ActiveCfg = Release|Any CPU
		{D97D4687-BC80-4232-B014-5C88F8AE6274}.Release|Any CPU.Build.0 = Release|Any CPU
		{98D5424D-2386-44D1-A00A-A58BA17E5A1C}.Debug|Any CPU.ActiveCfg = Debug|Any CPU
		{98D5424D-2386-44D1-A00A-A58BA17E5A1C}.Debug|Any CPU.Build.0 = Debug|Any CPU
		{98D5424D-2386-44D1-A00A-A58BA17E5A1C}.Release|Any CPU.ActiveCfg = Release|Any CPU
		{98D5424D-2386-44D1-A00A-A58BA17E5A1C}.Release|Any CPU.Build.0 = Release|Any CPU
		{DBADD96B-F844-428C-A518-8341FBE09D78}.Debug|Any CPU.ActiveCfg = Debug|Any CPU
		{DBADD96B-F844-428C-A518-8341FBE09D78}.Debug|Any CPU.Build.0 = Debug|Any CPU
		{DBADD96B-F844-428C-A518-8341FBE09D78}.Release|Any CPU.ActiveCfg = Release|Any CPU
		{DBADD96B-F844-428C-A518-8341FBE09D78}.Release|Any CPU.Build.0 = Release|Any CPU
		{61EC3E2B-5B08-4E04-B4B6-FCAEE2A1124D}.Debug|Any CPU.ActiveCfg = Debug|Any CPU
		{61EC3E2B-5B08-4E04-B4B6-FCAEE2A1124D}.Debug|Any CPU.Build.0 = Debug|Any CPU
		{61EC3E2B-5B08-4E04-B4B6-FCAEE2A1124D}.Release|Any CPU.ActiveCfg = Release|Any CPU
		{61EC3E2B-5B08-4E04-B4B6-FCAEE2A1124D}.Release|Any CPU.Build.0 = Release|Any CPU
	EndGlobalSection
	GlobalSection(SolutionProperties) = preSolution
		HideSolutionNode = FALSE
	EndGlobalSection
	GlobalSection(ExtensibilityGlobals) = postSolution
		SolutionGuid = {C942A1B3-52E2-4C37-9E4A-7E626FD85803}
	EndGlobalSection
EndGlobal
